
Microsoft Visual Studio Solution File, Format Version 12.00
# Visual Studio Version 17
VisualStudioVersion = 17.2.32616.157
MinimumVisualStudioVersion = 10.0.40219.1
Project("{2150E333-8FDC-42A3-9474-1A3956D46DE8}") = "src", "src", "{C1177339-9079-42B0-80A0-106EF4759450}"
EndProject
Project("{2150E333-8FDC-42A3-9474-1A3956D46DE8}") = "ApiGateway", "ApiGateway", "{488B2CA7-9675-4F0F-92F3-3F843476CD77}"
EndProject
Project("{2150E333-8FDC-42A3-9474-1A3956D46DE8}") = "Services", "Services", "{3BE90753-47F3-48E0-A14E-BCE5846F26B7}"
EndProject
Project("{2150E333-8FDC-42A3-9474-1A3956D46DE8}") = "Common", "Common", "{BAB54538-5E8E-4271-A32A-F3589BA0B339}"
EndProject
Project("{2150E333-8FDC-42A3-9474-1A3956D46DE8}") = "Order", "Order", "{EE45C94C-EF46-4A8E-B901-DB730749D9FA}"
EndProject
Project("{2150E333-8FDC-42A3-9474-1A3956D46DE8}") = "Products", "Products", "{C19C350B-6AC6-40E5-82B6-B2C3FF3F09B4}"
EndProject
Project("{2150E333-8FDC-42A3-9474-1A3956D46DE8}") = "Sourcing", "Sourcing", "{F4C57500-E83C-420B-90F7-E2D93DFE4A9C}"
EndProject
Project("{2150E333-8FDC-42A3-9474-1A3956D46DE8}") = "WebApp", "WebApp", "{2492D3EB-D9C8-45C6-8E57-36DDA24968CA}"
EndProject
Project("{9A19103F-16F7-4668-BE54-9A1E7A4F7556}") = "Esourcing.Products", "Esourcing.Products\Esourcing.Products.csproj", "{F5CD7EA5-F48B-4DC7-B433-1454B89E8C47}"
EndProject
Project("{FAE04EC0-301F-11D3-BF4B-00C04F79EFBC}") = "Esourcing.Sourcing", "Esourcing.Sourcing\Esourcing.Sourcing.csproj", "{17706768-EA6D-49C4-B2B2-39EBB3AB2410}"
EndProject
Global
	GlobalSection(SolutionConfigurationPlatforms) = preSolution
		Debug|Any CPU = Debug|Any CPU
		Release|Any CPU = Release|Any CPU
	EndGlobalSection
	GlobalSection(ProjectConfigurationPlatforms) = postSolution
		{F5CD7EA5-F48B-4DC7-B433-1454B89E8C47}.Debug|Any CPU.ActiveCfg = Debug|Any CPU
		{F5CD7EA5-F48B-4DC7-B433-1454B89E8C47}.Debug|Any CPU.Build.0 = Debug|Any CPU
		{F5CD7EA5-F48B-4DC7-B433-1454B89E8C47}.Release|Any CPU.ActiveCfg = Release|Any CPU
		{F5CD7EA5-F48B-4DC7-B433-1454B89E8C47}.Release|Any CPU.Build.0 = Release|Any CPU
		{17706768-EA6D-49C4-B2B2-39EBB3AB2410}.Debug|Any CPU.ActiveCfg = Debug|Any CPU
		{17706768-EA6D-49C4-B2B2-39EBB3AB2410}.Debug|Any CPU.Build.0 = Debug|Any CPU
		{17706768-EA6D-49C4-B2B2-39EBB3AB2410}.Release|Any CPU.ActiveCfg = Release|Any CPU
		{17706768-EA6D-49C4-B2B2-39EBB3AB2410}.Release|Any CPU.Build.0 = Release|Any CPU
	EndGlobalSection
	GlobalSection(SolutionProperties) = preSolution
		HideSolutionNode = FALSE
	EndGlobalSection
	GlobalSection(NestedProjects) = preSolution
		{488B2CA7-9675-4F0F-92F3-3F843476CD77} = {C1177339-9079-42B0-80A0-106EF4759450}
		{3BE90753-47F3-48E0-A14E-BCE5846F26B7} = {C1177339-9079-42B0-80A0-106EF4759450}
		{BAB54538-5E8E-4271-A32A-F3589BA0B339} = {3BE90753-47F3-48E0-A14E-BCE5846F26B7}
		{EE45C94C-EF46-4A8E-B901-DB730749D9FA} = {3BE90753-47F3-48E0-A14E-BCE5846F26B7}
		{C19C350B-6AC6-40E5-82B6-B2C3FF3F09B4} = {3BE90753-47F3-48E0-A14E-BCE5846F26B7}
		{F4C57500-E83C-420B-90F7-E2D93DFE4A9C} = {3BE90753-47F3-48E0-A14E-BCE5846F26B7}
		{2492D3EB-D9C8-45C6-8E57-36DDA24968CA} = {C1177339-9079-42B0-80A0-106EF4759450}
		{F5CD7EA5-F48B-4DC7-B433-1454B89E8C47} = {C19C350B-6AC6-40E5-82B6-B2C3FF3F09B4}
		{17706768-EA6D-49C4-B2B2-39EBB3AB2410} = {F4C57500-E83C-420B-90F7-E2D93DFE4A9C}
	EndGlobalSection
	GlobalSection(ExtensibilityGlobals) = postSolution
		SolutionGuid = {095AE40B-B262-49A4-AF95-889A5BE08B66}
	EndGlobalSection
EndGlobal
